
Microsoft Visual Studio Solution File, Format Version 12.00
# Visual Studio Version 17
VisualStudioVersion = 17.7.34009.444
MinimumVisualStudioVersion = 10.0.40219.1
Project("{FAE04EC0-301F-11D3-BF4B-00C04F79EFBC}") = "CSTest01", "CSTest01\CSTest01.csproj", "{0EC967E7-AE71-49C0-AC2A-568958FB0E17}"
EndProject
Project("{FAE04EC0-301F-11D3-BF4B-00C04F79EFBC}") = "CSconApp01", "CSconApp01\CSconApp01.csproj", "{C42A27B8-C71B-4A73-8C13-04AA2DC09F0E}"
EndProject
Project("{FAE04EC0-301F-11D3-BF4B-00C04F79EFBC}") = "WinFormTest01-Base", "WinFormTest01-Base\WinFormTest01-Base.csproj", "{7A5B765F-28F6-4304-8A83-55A8D8B081ED}"
EndProject
Global
	GlobalSection(SolutionConfigurationPlatforms) = preSolution
		Debug|Any CPU = Debug|Any CPU
		Release|Any CPU = Release|Any CPU
	EndGlobalSection
	GlobalSection(ProjectConfigurationPlatforms) = postSolution
		{0EC967E7-AE71-49C0-AC2A-568958FB0E17}.Debug|Any CPU.ActiveCfg = Debug|Any CPU
		{0EC967E7-AE71-49C0-AC2A-568958FB0E17}.Debug|Any CPU.Build.0 = Debug|Any CPU
		{0EC967E7-AE71-49C0-AC2A-568958FB0E17}.Release|Any CPU.ActiveCfg = Release|Any CPU
		{0EC967E7-AE71-49C0-AC2A-568958FB0E17}.Release|Any CPU.Build.0 = Release|Any CPU
		{C42A27B8-C71B-4A73-8C13-04AA2DC09F0E}.Debug|Any CPU.ActiveCfg = Debug|Any CPU
		{C42A27B8-C71B-4A73-8C13-04AA2DC09F0E}.Debug|Any CPU.Build.0 = Debug|Any CPU
		{C42A27B8-C71B-4A73-8C13-04AA2DC09F0E}.Release|Any CPU.ActiveCfg = Release|Any CPU
		{C42A27B8-C71B-4A73-8C13-04AA2DC09F0E}.Release|Any CPU.Build.0 = Release|Any CPU
		{7A5B765F-28F6-4304-8A83-55A8D8B081ED}.Debug|Any CPU.ActiveCfg = Debug|Any CPU
		{7A5B765F-28F6-4304-8A83-55A8D8B081ED}.Debug|Any CPU.Build.0 = Debug|Any CPU
		{7A5B765F-28F6-4304-8A83-55A8D8B081ED}.Release|Any CPU.ActiveCfg = Release|Any CPU
		{7A5B765F-28F6-4304-8A83-55A8D8B081ED}.Release|Any CPU.Build.0 = Release|Any CPU
	EndGlobalSection
	GlobalSection(SolutionProperties) = preSolution
		HideSolutionNode = FALSE
	EndGlobalSection
	GlobalSection(ExtensibilityGlobals) = postSolution
		SolutionGuid = {D018F846-E53B-427D-B5FD-090391577310}
	EndGlobalSection
EndGlobal
